
Microsoft Visual Studio Solution File, Format Version 12.00
# Visual Studio Version 16
VisualStudioVersion = 16.0.30523.141
MinimumVisualStudioVersion = 10.0.40219.1
Project("{FAE04EC0-301F-11D3-BF4B-00C04F79EFBC}") = "Ladskab", "Ladskab\Ladskab.csproj", "{1B19178B-7D28-4FE9-BA5D-5BAC22C27A25}"
EndProject
Project("{FAE04EC0-301F-11D3-BF4B-00C04F79EFBC}") = "Library", "Library\Library.csproj", "{ADC184A0-4F04-4998-B74D-935B726A78CE}"
EndProject
Project("{FAE04EC0-301F-11D3-BF4B-00C04F79EFBC}") = "LadeskabTest", "LadeskabTest\LadeskabTest.csproj", "{F927B9D9-3AB6-4347-80D7-FCF6BA638DA4}"
EndProject
Global
	GlobalSection(SolutionConfigurationPlatforms) = preSolution
		Debug|Any CPU = Debug|Any CPU
		Release|Any CPU = Release|Any CPU
	EndGlobalSection
	GlobalSection(ProjectConfigurationPlatforms) = postSolution
		{1B19178B-7D28-4FE9-BA5D-5BAC22C27A25}.Debug|Any CPU.ActiveCfg = Debug|Any CPU
		{1B19178B-7D28-4FE9-BA5D-5BAC22C27A25}.Debug|Any CPU.Build.0 = Debug|Any CPU
		{1B19178B-7D28-4FE9-BA5D-5BAC22C27A25}.Release|Any CPU.ActiveCfg = Release|Any CPU
		{1B19178B-7D28-4FE9-BA5D-5BAC22C27A25}.Release|Any CPU.Build.0 = Release|Any CPU
		{ADC184A0-4F04-4998-B74D-935B726A78CE}.Debug|Any CPU.ActiveCfg = Debug|Any CPU
		{ADC184A0-4F04-4998-B74D-935B726A78CE}.Debug|Any CPU.Build.0 = Debug|Any CPU
		{ADC184A0-4F04-4998-B74D-935B726A78CE}.Release|Any CPU.ActiveCfg = Release|Any CPU
		{ADC184A0-4F04-4998-B74D-935B726A78CE}.Release|Any CPU.Build.0 = Release|Any CPU
		{F927B9D9-3AB6-4347-80D7-FCF6BA638DA4}.Debug|Any CPU.ActiveCfg = Debug|Any CPU
		{F927B9D9-3AB6-4347-80D7-FCF6BA638DA4}.Debug|Any CPU.Build.0 = Debug|Any CPU
		{F927B9D9-3AB6-4347-80D7-FCF6BA638DA4}.Release|Any CPU.ActiveCfg = Release|Any CPU
		{F927B9D9-3AB6-4347-80D7-FCF6BA638DA4}.Release|Any CPU.Build.0 = Release|Any CPU
	EndGlobalSection
	GlobalSection(SolutionProperties) = preSolution
		HideSolutionNode = FALSE
	EndGlobalSection
	GlobalSection(ExtensibilityGlobals) = postSolution
		SolutionGuid = {3C1472F3-F9DB-4319-8344-9C51FA900F86}
	EndGlobalSection
EndGlobal
